
Microsoft Visual Studio Solution File, Format Version 12.00
# Visual Studio Version 17
VisualStudioVersion = 17.14.36221.1 d17.14
MinimumVisualStudioVersion = 10.0.40219.1
Project("{FAE04EC0-301F-11D3-BF4B-00C04F79EFBC}") = "personal planning system", "personal planning system.csproj", "{02C75621-398E-4F3F-9316-C20DF0CA4AC9}"
EndProject
Global
	GlobalSection(SolutionConfigurationPlatforms) = preSolution
		Debug|Any CPU = Debug|Any CPU
		Release|Any CPU = Release|Any CPU
	EndGlobalSection
	GlobalSection(ProjectConfigurationPlatforms) = postSolution
		{02C75621-398E-4F3F-9316-C20DF0CA4AC9}.Debug|Any CPU.ActiveCfg = Debug|Any CPU
		{02C75621-398E-4F3F-9316-C20DF0CA4AC9}.Debug|Any CPU.Build.0 = Debug|Any CPU
		{02C75621-398E-4F3F-9316-C20DF0CA4AC9}.Release|Any CPU.ActiveCfg = Release|Any CPU
		{02C75621-398E-4F3F-9316-C20DF0CA4AC9}.Release|Any CPU.Build.0 = Release|Any CPU
	EndGlobalSection
	GlobalSection(SolutionProperties) = preSolution
		HideSolutionNode = FALSE
	EndGlobalSection
	GlobalSection(ExtensibilityGlobals) = postSolution
		SolutionGuid = {561E5DF4-A6A0-4C71-8509-08872A53558E}
	EndGlobalSection
EndGlobal
